// !$*UTF8*$!
{
	archiveVersion = 1;
	classes = {
	};
	objectVersion = 55;
	objects = {

/* Begin PBXBuildFile section */
		B4B46C8E27DD8720007B0F1C /* Extensions.swift in Sources */ = {isa = PBXBuildFile; fileRef = B4B46C8D27DD8720007B0F1C /* Extensions.swift */; };
		B4D6B15A27DAE7B000342F9D /* AppDelegate.swift in Sources */ = {isa = PBXBuildFile; fileRef = B4D6B15927DAE7B000342F9D /* AppDelegate.swift */; };
		B4D6B15C27DAE7B000342F9D /* SceneDelegate.swift in Sources */ = {isa = PBXBuildFile; fileRef = B4D6B15B27DAE7B000342F9D /* SceneDelegate.swift */; };
		B4D6B15E27DAE7B000342F9D /* HomeViewController.swift in Sources */ = {isa = PBXBuildFile; fileRef = B4D6B15D27DAE7B000342F9D /* HomeViewController.swift */; };
		B4D6B16127DAE7B000342F9D /* Main.storyboard in Resources */ = {isa = PBXBuildFile; fileRef = B4D6B15F27DAE7B000342F9D /* Main.storyboard */; };
		B4D6B16327DAE7B300342F9D /* Assets.xcassets in Resources */ = {isa = PBXBuildFile; fileRef = B4D6B16227DAE7B300342F9D /* Assets.xcassets */; };
		B4D6B16627DAE7B300342F9D /* LaunchScreen.storyboard in Resources */ = {isa = PBXBuildFile; fileRef = B4D6B16427DAE7B300342F9D /* LaunchScreen.storyboard */; };
		B4D6B17527DAEB8900342F9D /* TabBarViewController.swift in Sources */ = {isa = PBXBuildFile; fileRef = B4D6B17427DAEB8900342F9D /* TabBarViewController.swift */; };
		B4D6B17727DAEBD700342F9D /* SearchViewController.swift in Sources */ = {isa = PBXBuildFile; fileRef = B4D6B17627DAEBD700342F9D /* SearchViewController.swift */; };
		B4D6B17927DAEC0200342F9D /* LibraryViewController.swift in Sources */ = {isa = PBXBuildFile; fileRef = B4D6B17827DAEC0100342F9D /* LibraryViewController.swift */; };
		B4D6B17D27DAEF0D00342F9D /* AuthViewController.swift in Sources */ = {isa = PBXBuildFile; fileRef = B4D6B17C27DAEF0D00342F9D /* AuthViewController.swift */; };
		B4D6B17F27DAEF1A00342F9D /* WelcomeViewController.swift in Sources */ = {isa = PBXBuildFile; fileRef = B4D6B17E27DAEF1A00342F9D /* WelcomeViewController.swift */; };
		B4D6B18127DAEF4300342F9D /* SettingsViewController.swift in Sources */ = {isa = PBXBuildFile; fileRef = B4D6B18027DAEF4300342F9D /* SettingsViewController.swift */; };
		B4D6B18327DAEF5300342F9D /* ProfileViewController.swift in Sources */ = {isa = PBXBuildFile; fileRef = B4D6B18227DAEF5300342F9D /* ProfileViewController.swift */; };
		B4D6B18527DAEF6100342F9D /* PlatlistViewController.swift in Sources */ = {isa = PBXBuildFile; fileRef = B4D6B18427DAEF6100342F9D /* PlatlistViewController.swift */; };
		B4D6B18727DAEF7A00342F9D /* SearchResultViewController.swift in Sources */ = {isa = PBXBuildFile; fileRef = B4D6B18627DAEF7A00342F9D /* SearchResultViewController.swift */; };
		B4D6B18927DAEF9E00342F9D /* AuthManager.swift in Sources */ = {isa = PBXBuildFile; fileRef = B4D6B18827DAEF9E00342F9D /* AuthManager.swift */; };
		B4D6B18B27DAEFAD00342F9D /* APICaller.swift in Sources */ = {isa = PBXBuildFile; fileRef = B4D6B18A27DAEFAD00342F9D /* APICaller.swift */; };
		B4D6B18D27DAEFBE00342F9D /* HapticsManager.swift in Sources */ = {isa = PBXBuildFile; fileRef = B4D6B18C27DAEFBE00342F9D /* HapticsManager.swift */; };
		B4D6B18F27DAEFCD00342F9D /* Playlist.swift in Sources */ = {isa = PBXBuildFile; fileRef = B4D6B18E27DAEFCD00342F9D /* Playlist.swift */; };
		B4D6B19127DAEFD900342F9D /* AudioTrack.swift in Sources */ = {isa = PBXBuildFile; fileRef = B4D6B19027DAEFD900342F9D /* AudioTrack.swift */; };
		B4D6B19327DAEFF300342F9D /* Artist.swift in Sources */ = {isa = PBXBuildFile; fileRef = B4D6B19227DAEFF300342F9D /* Artist.swift */; };
		B4D6B19527DAEFFE00342F9D /* UserProfile.swift in Sources */ = {isa = PBXBuildFile; fileRef = B4D6B19427DAEFFE00342F9D /* UserProfile.swift */; };
/* End PBXBuildFile section */

/* Begin PBXFileReference section */
		B4B46C8D27DD8720007B0F1C /* Extensions.swift */ = {isa = PBXFileReference; lastKnownFileType = sourcecode.swift; path = Extensions.swift; sourceTree = "<group>"; };
		B4D6B15627DAE7B000342F9D /* Spotify.app */ = {isa = PBXFileReference; explicitFileType = wrapper.application; includeInIndex = 0; path = Spotify.app; sourceTree = BUILT_PRODUCTS_DIR; };
		B4D6B15927DAE7B000342F9D /* AppDelegate.swift */ = {isa = PBXFileReference; lastKnownFileType = sourcecode.swift; path = AppDelegate.swift; sourceTree = "<group>"; };
		B4D6B15B27DAE7B000342F9D /* SceneDelegate.swift */ = {isa = PBXFileReference; lastKnownFileType = sourcecode.swift; path = SceneDelegate.swift; sourceTree = "<group>"; };
		B4D6B15D27DAE7B000342F9D /* HomeViewController.swift */ = {isa = PBXFileReference; lastKnownFileType = sourcecode.swift; path = HomeViewController.swift; sourceTree = "<group>"; };
		B4D6B16027DAE7B000342F9D /* Base */ = {isa = PBXFileReference; lastKnownFileType = file.storyboard; name = Base; path = Base.lproj/Main.storyboard; sourceTree = "<group>"; };
		B4D6B16227DAE7B300342F9D /* Assets.xcassets */ = {isa = PBXFileReference; lastKnownFileType = folder.assetcatalog; path = Assets.xcassets; sourceTree = "<group>"; };
		B4D6B16527DAE7B300342F9D /* Base */ = {isa = PBXFileReference; lastKnownFileType = file.storyboard; name = Base; path = Base.lproj/LaunchScreen.storyboard; sourceTree = "<group>"; };
		B4D6B16727DAE7B300342F9D /* Info.plist */ = {isa = PBXFileReference; lastKnownFileType = text.plist.xml; path = Info.plist; sourceTree = "<group>"; };
		B4D6B17427DAEB8900342F9D /* TabBarViewController.swift */ = {isa = PBXFileReference; lastKnownFileType = sourcecode.swift; path = TabBarViewController.swift; sourceTree = "<group>"; };
		B4D6B17627DAEBD700342F9D /* SearchViewController.swift */ = {isa = PBXFileReference; lastKnownFileType = sourcecode.swift; path = SearchViewController.swift; sourceTree = "<group>"; };
		B4D6B17827DAEC0100342F9D /* LibraryViewController.swift */ = {isa = PBXFileReference; lastKnownFileType = sourcecode.swift; path = LibraryViewController.swift; sourceTree = "<group>"; };
		B4D6B17C27DAEF0D00342F9D /* AuthViewController.swift */ = {isa = PBXFileReference; lastKnownFileType = sourcecode.swift; path = AuthViewController.swift; sourceTree = "<group>"; };
		B4D6B17E27DAEF1A00342F9D /* WelcomeViewController.swift */ = {isa = PBXFileReference; lastKnownFileType = sourcecode.swift; path = WelcomeViewController.swift; sourceTree = "<group>"; };
		B4D6B18027DAEF4300342F9D /* SettingsViewController.swift */ = {isa = PBXFileReference; lastKnownFileType = sourcecode.swift; path = SettingsViewController.swift; sourceTree = "<group>"; };
		B4D6B18227DAEF5300342F9D /* ProfileViewController.swift */ = {isa = PBXFileReference; lastKnownFileType = sourcecode.swift; path = ProfileViewController.swift; sourceTree = "<group>"; };
		B4D6B18427DAEF6100342F9D /* PlatlistViewController.swift */ = {isa = PBXFileReference; lastKnownFileType = sourcecode.swift; path = PlatlistViewController.swift; sourceTree = "<group>"; };
		B4D6B18627DAEF7A00342F9D /* SearchResultViewController.swift */ = {isa = PBXFileReference; lastKnownFileType = sourcecode.swift; path = SearchResultViewController.swift; sourceTree = "<group>"; };
		B4D6B18827DAEF9E00342F9D /* AuthManager.swift */ = {isa = PBXFileReference; lastKnownFileType = sourcecode.swift; path = AuthManager.swift; sourceTree = "<group>"; };
		B4D6B18A27DAEFAD00342F9D /* APICaller.swift */ = {isa = PBXFileReference; lastKnownFileType = sourcecode.swift; path = APICaller.swift; sourceTree = "<group>"; };
		B4D6B18C27DAEFBE00342F9D /* HapticsManager.swift */ = {isa = PBXFileReference; lastKnownFileType = sourcecode.swift; path = HapticsManager.swift; sourceTree = "<group>"; };
		B4D6B18E27DAEFCD00342F9D /* Playlist.swift */ = {isa = PBXFileReference; lastKnownFileType = sourcecode.swift; path = Playlist.swift; sourceTree = "<group>"; };
		B4D6B19027DAEFD900342F9D /* AudioTrack.swift */ = {isa = PBXFileReference; lastKnownFileType = sourcecode.swift; path = AudioTrack.swift; sourceTree = "<group>"; };
		B4D6B19227DAEFF300342F9D /* Artist.swift */ = {isa = PBXFileReference; lastKnownFileType = sourcecode.swift; path = Artist.swift; sourceTree = "<group>"; };
		B4D6B19427DAEFFE00342F9D /* UserProfile.swift */ = {isa = PBXFileReference; lastKnownFileType = sourcecode.swift; path = UserProfile.swift; sourceTree = "<group>"; };
/* End PBXFileReference section */

/* Begin PBXFrameworksBuildPhase section */
		B4D6B15327DAE7B000342F9D /* Frameworks */ = {
			isa = PBXFrameworksBuildPhase;
			buildActionMask = 2147483647;
			files = (
			);
			runOnlyForDeploymentPostprocessing = 0;
		};
/* End PBXFrameworksBuildPhase section */

/* Begin PBXGroup section */
		B4D6B14D27DAE7B000342F9D = {
			isa = PBXGroup;
			children = (
				B4D6B15827DAE7B000342F9D /* Spotify */,
				B4D6B15727DAE7B000342F9D /* Products */,
			);
			sourceTree = "<group>";
		};
		B4D6B15727DAE7B000342F9D /* Products */ = {
			isa = PBXGroup;
			children = (
				B4D6B15627DAE7B000342F9D /* Spotify.app */,
			);
			name = Products;
			sourceTree = "<group>";
		};
		B4D6B15827DAE7B000342F9D /* Spotify */ = {
			isa = PBXGroup;
			children = (
				B4D6B17327DAE80000342F9D /* Resources */,
				B4D6B17227DAE7F800342F9D /* Managers */,
				B4D6B17127DAE7F200342F9D /* ViewModels */,
				B4D6B17027DAE7EB00342F9D /* Models */,
				B4D6B16E27DAE7C900342F9D /* Controllers */,
				B4D6B16D27DAE7C300342F9D /* View */,
				B4D6B16727DAE7B300342F9D /* Info.plist */,
			);
			path = Spotify;
			sourceTree = "<group>";
		};
		B4D6B16D27DAE7C300342F9D /* View */ = {
			isa = PBXGroup;
			children = (
				B4D6B15F27DAE7B000342F9D /* Main.storyboard */,
				B4D6B16427DAE7B300342F9D /* LaunchScreen.storyboard */,
			);
			path = View;
			sourceTree = "<group>";
		};
		B4D6B16E27DAE7C900342F9D /* Controllers */ = {
			isa = PBXGroup;
			children = (
				B4D6B17B27DAEDD300342F9D /* Other */,
				B4D6B17A27DAEC0F00342F9D /* Core */,
			);
			path = Controllers;
			sourceTree = "<group>";
		};
		B4D6B17027DAE7EB00342F9D /* Models */ = {
			isa = PBXGroup;
			children = (
				B4D6B18E27DAEFCD00342F9D /* Playlist.swift */,
				B4D6B19027DAEFD900342F9D /* AudioTrack.swift */,
				B4D6B19227DAEFF300342F9D /* Artist.swift */,
				B4D6B19427DAEFFE00342F9D /* UserProfile.swift */,
			);
			path = Models;
			sourceTree = "<group>";
		};
		B4D6B17127DAE7F200342F9D /* ViewModels */ = {
			isa = PBXGroup;
			children = (
			);
			path = ViewModels;
			sourceTree = "<group>";
		};
		B4D6B17227DAE7F800342F9D /* Managers */ = {
			isa = PBXGroup;
			children = (
				B4D6B18827DAEF9E00342F9D /* AuthManager.swift */,
				B4D6B18A27DAEFAD00342F9D /* APICaller.swift */,
				B4D6B18C27DAEFBE00342F9D /* HapticsManager.swift */,
			);
			path = Managers;
			sourceTree = "<group>";
		};
		B4D6B17327DAE80000342F9D /* Resources */ = {
			isa = PBXGroup;
			children = (
				B4D6B16227DAE7B300342F9D /* Assets.xcassets */,
				B4D6B15927DAE7B000342F9D /* AppDelegate.swift */,
				B4D6B15B27DAE7B000342F9D /* SceneDelegate.swift */,
				B4B46C8D27DD8720007B0F1C /* Extensions.swift */,
			);
			path = Resources;
			sourceTree = "<group>";
		};
		B4D6B17A27DAEC0F00342F9D /* Core */ = {
			isa = PBXGroup;
			children = (
				B4D6B15D27DAE7B000342F9D /* HomeViewController.swift */,
				B4D6B17427DAEB8900342F9D /* TabBarViewController.swift */,
				B4D6B17627DAEBD700342F9D /* SearchViewController.swift */,
				B4D6B17827DAEC0100342F9D /* LibraryViewController.swift */,
			);
			path = Core;
			sourceTree = "<group>";
		};
		B4D6B17B27DAEDD300342F9D /* Other */ = {
			isa = PBXGroup;
			children = (
				B4D6B17C27DAEF0D00342F9D /* AuthViewController.swift */,
				B4D6B17E27DAEF1A00342F9D /* WelcomeViewController.swift */,
				B4D6B18027DAEF4300342F9D /* SettingsViewController.swift */,
				B4D6B18227DAEF5300342F9D /* ProfileViewController.swift */,
				B4D6B18427DAEF6100342F9D /* PlatlistViewController.swift */,
				B4D6B18627DAEF7A00342F9D /* SearchResultViewController.swift */,
			);
			path = Other;
			sourceTree = "<group>";
		};
/* End PBXGroup section */

/* Begin PBXNativeTarget section */
		B4D6B15527DAE7B000342F9D /* Spotify */ = {
			isa = PBXNativeTarget;
			buildConfigurationList = B4D6B16A27DAE7B300342F9D /* Build configuration list for PBXNativeTarget "Spotify" */;
			buildPhases = (
				B4D6B15227DAE7B000342F9D /* Sources */,
				B4D6B15327DAE7B000342F9D /* Frameworks */,
				B4D6B15427DAE7B000342F9D /* Resources */,
			);
			buildRules = (
			);
			dependencies = (
			);
			name = Spotify;
			productName = Spotify;
			productReference = B4D6B15627DAE7B000342F9D /* Spotify.app */;
			productType = "com.apple.product-type.application";
		};
/* End PBXNativeTarget section */

/* Begin PBXProject section */
		B4D6B14E27DAE7B000342F9D /* Project object */ = {
			isa = PBXProject;
			attributes = {
				BuildIndependentTargetsInParallel = 1;
				LastSwiftUpdateCheck = 1320;
				LastUpgradeCheck = 1320;
				TargetAttributes = {
					B4D6B15527DAE7B000342F9D = {
						CreatedOnToolsVersion = 13.2.1;
					};
				};
			};
			buildConfigurationList = B4D6B15127DAE7B000342F9D /* Build configuration list for PBXProject "Spotify" */;
			compatibilityVersion = "Xcode 13.0";
			developmentRegion = en;
			hasScannedForEncodings = 0;
			knownRegions = (
				en,
				Base,
			);
			mainGroup = B4D6B14D27DAE7B000342F9D;
			productRefGroup = B4D6B15727DAE7B000342F9D /* Products */;
			projectDirPath = "";
			projectRoot = "";
			targets = (
				B4D6B15527DAE7B000342F9D /* Spotify */,
			);
		};
/* End PBXProject section */

/* Begin PBXResourcesBuildPhase section */
		B4D6B15427DAE7B000342F9D /* Resources */ = {
			isa = PBXResourcesBuildPhase;
			buildActionMask = 2147483647;
			files = (
				B4D6B16627DAE7B300342F9D /* LaunchScreen.storyboard in Resources */,
				B4D6B16327DAE7B300342F9D /* Assets.xcassets in Resources */,
				B4D6B16127DAE7B000342F9D /* Main.storyboard in Resources */,
			);
			runOnlyForDeploymentPostprocessing = 0;
		};
/* End PBXResourcesBuildPhase section */

/* Begin PBXSourcesBuildPhase section */
		B4D6B15227DAE7B000342F9D /* Sources */ = {
			isa = PBXSourcesBuildPhase;
			buildActionMask = 2147483647;
			files = (
				B4D6B17727DAEBD700342F9D /* SearchViewController.swift in Sources */,
				B4D6B17F27DAEF1A00342F9D /* WelcomeViewController.swift in Sources */,
				B4D6B19127DAEFD900342F9D /* AudioTrack.swift in Sources */,
				B4D6B18327DAEF5300342F9D /* ProfileViewController.swift in Sources */,
				B4D6B18D27DAEFBE00342F9D /* HapticsManager.swift in Sources */,
				B4D6B18B27DAEFAD00342F9D /* APICaller.swift in Sources */,
				B4D6B18927DAEF9E00342F9D /* AuthManager.swift in Sources */,
				B4D6B17527DAEB8900342F9D /* TabBarViewController.swift in Sources */,
				B4D6B15E27DAE7B000342F9D /* HomeViewController.swift in Sources */,
				B4D6B18527DAEF6100342F9D /* PlatlistViewController.swift in Sources */,
				B4D6B17D27DAEF0D00342F9D /* AuthViewController.swift in Sources */,
				B4D6B15A27DAE7B000342F9D /* AppDelegate.swift in Sources */,
				B4D6B19327DAEFF300342F9D /* Artist.swift in Sources */,
				B4D6B18F27DAEFCD00342F9D /* Playlist.swift in Sources */,
				B4D6B19527DAEFFE00342F9D /* UserProfile.swift in Sources */,
				B4B46C8E27DD8720007B0F1C /* Extensions.swift in Sources */,
				B4D6B17927DAEC0200342F9D /* LibraryViewController.swift in Sources */,
				B4D6B15C27DAE7B000342F9D /* SceneDelegate.swift in Sources */,
				B4D6B18727DAEF7A00342F9D /* SearchResultViewController.swift in Sources */,
				B4D6B18127DAEF4300342F9D /* SettingsViewController.swift in Sources */,
			);
			runOnlyForDeploymentPostprocessing = 0;
		};
/* End PBXSourcesBuildPhase section */

/* Begin PBXVariantGroup section */
		B4D6B15F27DAE7B000342F9D /* Main.storyboard */ = {
			isa = PBXVariantGroup;
			children = (
				B4D6B16027DAE7B000342F9D /* Base */,
			);
			name = Main.storyboard;
			sourceTree = "<group>";
		};
		B4D6B16427DAE7B300342F9D /* LaunchScreen.storyboard */ = {
			isa = PBXVariantGroup;
			children = (
				B4D6B16527DAE7B300342F9D /* Base */,
			);
			name = LaunchScreen.storyboard;
			sourceTree = "<group>";
		};
/* End PBXVariantGroup section */

/* Begin XCBuildConfiguration section */
		B4D6B16827DAE7B300342F9D /* Debug */ = {
			isa = XCBuildConfiguration;
			buildSettings = {
				ALWAYS_SEARCH_USER_PATHS = NO;
				CLANG_ANALYZER_NONNULL = YES;
				CLANG_ANALYZER_NUMBER_OBJECT_CONVERSION = YES_AGGRESSIVE;
				CLANG_CXX_LANGUAGE_STANDARD = "gnu++17";
				CLANG_CXX_LIBRARY = "libc++";
				CLANG_ENABLE_MODULES = YES;
				CLANG_ENABLE_OBJC_ARC = YES;
				CLANG_ENABLE_OBJC_WEAK = YES;
				CLANG_WARN_BLOCK_CAPTURE_AUTORELEASING = YES;
				CLANG_WARN_BOOL_CONVERSION = YES;
				CLANG_WARN_COMMA = YES;
				CLANG_WARN_CONSTANT_CONVERSION = YES;
				CLANG_WARN_DEPRECATED_OBJC_IMPLEMENTATIONS = YES;
				CLANG_WARN_DIRECT_OBJC_ISA_USAGE = YES_ERROR;
				CLANG_WARN_DOCUMENTATION_COMMENTS = YES;
				CLANG_WARN_EMPTY_BODY = YES;
				CLANG_WARN_ENUM_CONVERSION = YES;
				CLANG_WARN_INFINITE_RECURSION = YES;
				CLANG_WARN_INT_CONVERSION = YES;
				CLANG_WARN_NON_LITERAL_NULL_CONVERSION = YES;
				CLANG_WARN_OBJC_IMPLICIT_RETAIN_SELF = YES;
				CLANG_WARN_OBJC_LITERAL_CONVERSION = YES;
				CLANG_WARN_OBJC_ROOT_CLASS = YES_ERROR;
				CLANG_WARN_QUOTED_INCLUDE_IN_FRAMEWORK_HEADER = YES;
				CLANG_WARN_RANGE_LOOP_ANALYSIS = YES;
				CLANG_WARN_STRICT_PROTOTYPES = YES;
				CLANG_WARN_SUSPICIOUS_MOVE = YES;
				CLANG_WARN_UNGUARDED_AVAILABILITY = YES_AGGRESSIVE;
				CLANG_WARN_UNREACHABLE_CODE = YES;
				CLANG_WARN__DUPLICATE_METHOD_MATCH = YES;
				COPY_PHASE_STRIP = NO;
				DEBUG_INFORMATION_FORMAT = dwarf;
				ENABLE_STRICT_OBJC_MSGSEND = YES;
				ENABLE_TESTABILITY = YES;
				GCC_C_LANGUAGE_STANDARD = gnu11;
				GCC_DYNAMIC_NO_PIC = NO;
				GCC_NO_COMMON_BLOCKS = YES;
				GCC_OPTIMIZATION_LEVEL = 0;
				GCC_PREPROCESSOR_DEFINITIONS = (
					"DEBUG=1",
					"$(inherited)",
				);
				GCC_WARN_64_TO_32_BIT_CONVERSION = YES;
				GCC_WARN_ABOUT_RETURN_TYPE = YES_ERROR;
				GCC_WARN_UNDECLARED_SELECTOR = YES;
				GCC_WARN_UNINITIALIZED_AUTOS = YES_AGGRESSIVE;
				GCC_WARN_UNUSED_FUNCTION = YES;
				GCC_WARN_UNUSED_VARIABLE = YES;
				IPHONEOS_DEPLOYMENT_TARGET = 15.2;
				MTL_ENABLE_DEBUG_INFO = INCLUDE_SOURCE;
				MTL_FAST_MATH = YES;
				ONLY_ACTIVE_ARCH = YES;
				SDKROOT = iphoneos;
				SWIFT_ACTIVE_COMPILATION_CONDITIONS = DEBUG;
				SWIFT_OPTIMIZATION_LEVEL = "-Onone";
			};
			name = Debug;
		};
		B4D6B16927DAE7B300342F9D /* Release */ = {
			isa = XCBuildConfiguration;
			buildSettings = {
				ALWAYS_SEARCH_USER_PATHS = NO;
				CLANG_ANALYZER_NONNULL = YES;
				CLANG_ANALYZER_NUMBER_OBJECT_CONVERSION = YES_AGGRESSIVE;
				CLANG_CXX_LANGUAGE_STANDARD = "gnu++17";
				CLANG_CXX_LIBRARY = "libc++";
				CLANG_ENABLE_MODULES = YES;
				CLANG_ENABLE_OBJC_ARC = YES;
				CLANG_ENABLE_OBJC_WEAK = YES;
				CLANG_WARN_BLOCK_CAPTURE_AUTORELEASING = YES;
				CLANG_WARN_BOOL_CONVERSION = YES;
				CLANG_WARN_COMMA = YES;
				CLANG_WARN_CONSTANT_CONVERSION = YES;
				CLANG_WARN_DEPRECATED_OBJC_IMPLEMENTATIONS = YES;
				CLANG_WARN_DIRECT_OBJC_ISA_USAGE = YES_ERROR;
				CLANG_WARN_DOCUMENTATION_COMMENTS = YES;
				CLANG_WARN_EMPTY_BODY = YES;
				CLANG_WARN_ENUM_CONVERSION = YES;
				CLANG_WARN_INFINITE_RECURSION = YES;
				CLANG_WARN_INT_CONVERSION = YES;
				CLANG_WARN_NON_LITERAL_NULL_CONVERSION = YES;
				CLANG_WARN_OBJC_IMPLICIT_RETAIN_SELF = YES;
				CLANG_WARN_OBJC_LITERAL_CONVERSION = YES;
				CLANG_WARN_OBJC_ROOT_CLASS = YES_ERROR;
				CLANG_WARN_QUOTED_INCLUDE_IN_FRAMEWORK_HEADER = YES;
				CLANG_WARN_RANGE_LOOP_ANALYSIS = YES;
				CLANG_WARN_STRICT_PROTOTYPES = YES;
				CLANG_WARN_SUSPICIOUS_MOVE = YES;
				CLANG_WARN_UNGUARDED_AVAILABILITY = YES_AGGRESSIVE;
				CLANG_WARN_UNREACHABLE_CODE = YES;
				CLANG_WARN__DUPLICATE_METHOD_MATCH = YES;
				COPY_PHASE_STRIP = NO;
				DEBUG_INFORMATION_FORMAT = "dwarf-with-dsym";
				ENABLE_NS_ASSERTIONS = NO;
				ENABLE_STRICT_OBJC_MSGSEND = YES;
				GCC_C_LANGUAGE_STANDARD = gnu11;
				GCC_NO_COMMON_BLOCKS = YES;
				GCC_WARN_64_TO_32_BIT_CONVERSION = YES;
				GCC_WARN_ABOUT_RETURN_TYPE = YES_ERROR;
				GCC_WARN_UNDECLARED_SELECTOR = YES;
				GCC_WARN_UNINITIALIZED_AUTOS = YES_AGGRESSIVE;
				GCC_WARN_UNUSED_FUNCTION = YES;
				GCC_WARN_UNUSED_VARIABLE = YES;
				IPHONEOS_DEPLOYMENT_TARGET = 15.2;
				MTL_ENABLE_DEBUG_INFO = NO;
				MTL_FAST_MATH = YES;
				SDKROOT = iphoneos;
				SWIFT_COMPILATION_MODE = wholemodule;
				SWIFT_OPTIMIZATION_LEVEL = "-O";
				VALIDATE_PRODUCT = YES;
			};
			name = Release;
		};
		B4D6B16B27DAE7B300342F9D /* Debug */ = {
			isa = XCBuildConfiguration;
			buildSettings = {
				ASSETCATALOG_COMPILER_APPICON_NAME = AppIcon;
				ASSETCATALOG_COMPILER_GLOBAL_ACCENT_COLOR_NAME = AccentColor;
				CODE_SIGN_STYLE = Automatic;
				CURRENT_PROJECT_VERSION = 1;
				GENERATE_INFOPLIST_FILE = YES;
				INFOPLIST_FILE = Spotify/Info.plist;
				INFOPLIST_KEY_UIApplicationSupportsIndirectInputEvents = YES;
				INFOPLIST_KEY_UILaunchStoryboardName = LaunchScreen;
				INFOPLIST_KEY_UIMainStoryboardFile = Main;
				INFOPLIST_KEY_UISupportedInterfaceOrientations_iPad = "UIInterfaceOrientationPortrait UIInterfaceOrientationPortraitUpsideDown UIInterfaceOrientationLandscapeLeft UIInterfaceOrientationLandscapeRight";
				INFOPLIST_KEY_UISupportedInterfaceOrientations_iPhone = "UIInterfaceOrientationPortrait UIInterfaceOrientationLandscapeLeft UIInterfaceOrientationLandscapeRight";
				LD_RUNPATH_SEARCH_PATHS = (
					"$(inherited)",
					"@executable_path/Frameworks",
				);
				MARKETING_VERSION = 1.0;
				PRODUCT_BUNDLE_IDENTIFIER = com.quduc.Spotify;
				PRODUCT_NAME = "$(TARGET_NAME)";
				SWIFT_EMIT_LOC_STRINGS = YES;
				SWIFT_VERSION = 5.0;
				TARGETED_DEVICE_FAMILY = "1,2";
			};
			name = Debug;
		};
		B4D6B16C27DAE7B300342F9D /* Release */ = {
			isa = XCBuildConfiguration;
			buildSettings = {
				ASSETCATALOG_COMPILER_APPICON_NAME = AppIcon;
				ASSETCATALOG_COMPILER_GLOBAL_ACCENT_COLOR_NAME = AccentColor;
				CODE_SIGN_STYLE = Automatic;
				CURRENT_PROJECT_VERSION = 1;
				GENERATE_INFOPLIST_FILE = YES;
				INFOPLIST_FILE = Spotify/Info.plist;
				INFOPLIST_KEY_UIApplicationSupportsIndirectInputEvents = YES;
				INFOPLIST_KEY_UILaunchStoryboardName = LaunchScreen;
				INFOPLIST_KEY_UIMainStoryboardFile = Main;
				INFOPLIST_KEY_UISupportedInterfaceOrientations_iPad = "UIInterfaceOrientationPortrait UIInterfaceOrientationPortraitUpsideDown UIInterfaceOrientationLandscapeLeft UIInterfaceOrientationLandscapeRight";
				INFOPLIST_KEY_UISupportedInterfaceOrientations_iPhone = "UIInterfaceOrientationPortrait UIInterfaceOrientationLandscapeLeft UIInterfaceOrientationLandscapeRight";
				LD_RUNPATH_SEARCH_PATHS = (
					"$(inherited)",
					"@executable_path/Frameworks",
				);
				MARKETING_VERSION = 1.0;
				PRODUCT_BUNDLE_IDENTIFIER = com.quduc.Spotify;
				PRODUCT_NAME = "$(TARGET_NAME)";
				SWIFT_EMIT_LOC_STRINGS = YES;
				SWIFT_VERSION = 5.0;
				TARGETED_DEVICE_FAMILY = "1,2";
			};
			name = Release;
		};
/* End XCBuildConfiguration section */

/* Begin XCConfigurationList section */
		B4D6B15127DAE7B000342F9D /* Build configuration list for PBXProject "Spotify" */ = {
			isa = XCConfigurationList;
			buildConfigurations = (
				B4D6B16827DAE7B300342F9D /* Debug */,
				B4D6B16927DAE7B300342F9D /* Release */,
			);
			defaultConfigurationIsVisible = 0;
			defaultConfigurationName = Release;
		};
		B4D6B16A27DAE7B300342F9D /* Build configuration list for PBXNativeTarget "Spotify" */ = {
			isa = XCConfigurationList;
			buildConfigurations = (
				B4D6B16B27DAE7B300342F9D /* Debug */,
				B4D6B16C27DAE7B300342F9D /* Release */,
			);
			defaultConfigurationIsVisible = 0;
			defaultConfigurationName = Release;
		};
/* End XCConfigurationList section */
	};
	rootObject = B4D6B14E27DAE7B000342F9D /* Project object */;
}
